{
    "_readme": [
        "This file locks the dependencies of your project to a known state",
        "Read more about it at https://getcomposer.org/doc/01-basic-usage.md#composer-lock-the-lock-file",
        "This file is @generated automatically"
    ],
    "content-hash": "907461faf5207fc76ebde54ff0ec7564",
    "packages": [
        {
            "name": "abraham/twitteroauth",
            "version": "0.7.4",
            "source": {
                "type": "git",
                "url": "https://github.com/abraham/twitteroauth.git",
                "reference": "c6f9e692552dd037b2324ed0dfa28a4e60875acf"
            },
            "dist": {
                "type": "zip",
                "url": "https://api.github.com/repos/abraham/twitteroauth/zipball/c6f9e692552dd037b2324ed0dfa28a4e60875acf",
                "reference": "c6f9e692552dd037b2324ed0dfa28a4e60875acf",
                "shasum": ""
            },
            "require": {
                "ext-curl": "*",
                "php": "^5.6 || ^7.0"
            },
            "require-dev": {
                "phpmd/phpmd": "~2.6",
                "phpunit/phpunit": "~5.7",
                "squizlabs/php_codesniffer": "~3.0"
            },
            "type": "library",
            "autoload": {
                "psr-4": {
                    "Abraham\\TwitterOAuth\\": "src"
                }
            },
            "notification-url": "https://packagist.org/downloads/",
            "license": [
                "MIT"
            ],
            "authors": [
                {
                    "name": "Abraham Williams",
                    "email": "abraham@abrah.am",
                    "homepage": "https://abrah.am",
                    "role": "Developer"
                }
            ],
            "description": "The most popular PHP library for use with the Twitter OAuth REST API.",
            "homepage": "https://twitteroauth.com",
            "keywords": [
                "Twitter API",
                "Twitter oAuth",
                "api",
                "oauth",
                "rest",
                "social",
                "twitter"
            ],
            "time": "2017-06-30T22:02:01+00:00"
        },
        {
            "name": "components/bootstrap",
            "version": "3.3.7",
            "source": {
                "type": "git",
                "url": "https://github.com/components/bootstrap.git",
                "reference": "fe6e7683be66ba45a725816efdb51d4566733043"
            },
            "dist": {
                "type": "zip",
                "url": "https://api.github.com/repos/components/bootstrap/zipball/fe6e7683be66ba45a725816efdb51d4566733043",
                "reference": "fe6e7683be66ba45a725816efdb51d4566733043",
                "shasum": ""
            },
            "require": {
                "components/jquery": "1.9.1 - 3"
            },
            "suggest": {
                "components/bootstrap-default": "Provide a theme for Bootstrap as components/bootstrap only provides the CSS as file assets"
            },
            "type": "component",
            "extra": {
                "component": {
                    "scripts": [
                        "js/bootstrap.js"
                    ],
                    "files": [
                        "js/*.js",
                        "css/*.css",
                        "css/*.map",
                        "fonts/*",
                        "less/mixins/*.less",
                        "less/*.less"
                    ],
                    "shim": {
                        "deps": [
                            "jquery"
                        ]
                    }
                }
            },
            "notification-url": "https://packagist.org/downloads/",
            "license": [
                "MIT"
            ],
            "authors": [
                {
                    "name": "Jacob Thornton",
                    "email": "jacobthornton@gmail.com"
                },
                {
                    "name": "Mark Otto",
                    "email": "markdotto@gmail.com"
                }
            ],
            "description": "The most popular front-end framework for developing responsive, mobile first projects on the web.",
            "homepage": "http://getbootstrap.com",
            "keywords": [
                "css",
                "framework",
                "front-end",
                "less",
                "mobile-first",
                "responsive",
                "web"
            ],
            "time": "2016-07-26T05:59:20+00:00"
        },
        {
            "name": "components/bootstrap-default",
            "version": "3.3.5",
            "source": {
                "type": "git",
                "url": "https://github.com/components/bootstrap-default.git",
                "reference": "db8137e7656e7887be92a6f54a866ed975b5946e"
            },
            "dist": {
                "type": "zip",
                "url": "https://api.github.com/repos/components/bootstrap-default/zipball/db8137e7656e7887be92a6f54a866ed975b5946e",
                "reference": "db8137e7656e7887be92a6f54a866ed975b5946e",
                "shasum": ""
            },
            "require": {
                "components/bootstrap": "*"
            },
            "type": "component",
            "extra": {
                "component": {
                    "styles": [
                        "css/bootstrap.css",
                        "css/bootstrap-theme.css"
                    ],
                    "files": [
                        "css/*.css",
                        "css/*.map",
                        "fonts/*"
                    ],
                    "shim": {
                        "deps": [
                            "bootstrap"
                        ]
                    }
                }
            },
            "notification-url": "https://packagist.org/downloads/",
            "license": [
                "Apache-2.0"
            ],
            "authors": [
                {
                    "name": "Twitter, Inc"
                }
            ],
            "description": "Shim repository for the default theme for Bootstrap.",
            "homepage": "http://getbootstrap.com",
            "keywords": [
                "bootstrap",
                "css"
            ],
            "time": "2015-06-18T12:28:13+00:00"
        },
        {
            "name": "components/jquery",
            "version": "3.2.1",
            "source": {
                "type": "git",
                "url": "https://github.com/components/jquery.git",
                "reference": "e5534d4ab8e80c159553d507e358ed20a806d3bf"
            },
            "dist": {
                "type": "zip",
                "url": "https://api.github.com/repos/components/jquery/zipball/e5534d4ab8e80c159553d507e358ed20a806d3bf",
                "reference": "e5534d4ab8e80c159553d507e358ed20a806d3bf",
                "shasum": ""
            },
            "type": "component",
            "extra": {
                "component": {
                    "scripts": [
                        "jquery.js"
                    ],
                    "files": [
                        "jquery.min.js",
                        "jquery.min.map",
                        "jquery.slim.js",
                        "jquery.slim.min.js",
                        "jquery.slim.min.map"
                    ]
                }
            },
            "notification-url": "https://packagist.org/downloads/",
            "license": [
                "MIT"
            ],
            "authors": [
                {
                    "name": "JS Foundation and other contributors"
                }
            ],
            "description": "jQuery JavaScript Library",
            "homepage": "http://jquery.com",
            "time": "2017-03-21T07:01:49+00:00"
        },
        {
            "name": "educoder/pest",
            "version": "1.0.0",
            "source": {
                "type": "git",
                "url": "https://github.com/educoder/pest.git",
                "reference": "7c4d24d6aafc4ebac711c73cc8797d9b1779525b"
            },
            "dist": {
                "type": "zip",
                "url": "https://api.github.com/repos/educoder/pest/zipball/7c4d24d6aafc4ebac711c73cc8797d9b1779525b",
                "reference": "7c4d24d6aafc4ebac711c73cc8797d9b1779525b",
                "shasum": ""
            },
            "require": {
                "lib-curl": "*",
                "php": ">=5.2"
            },
            "type": "library",
            "autoload": {
                "classmap": [
                    ""
                ]
            },
            "notification-url": "https://packagist.org/downloads/",
            "license": [
                "MIT"
            ],
            "authors": [
                {
                    "name": "Matt Zukowski",
                    "email": "matt@zukowski.ca"
                },
                {
                    "name": "Donald Sipe",
                    "email": "donald.sipe@gmail.com"
                }
            ],
            "description": "A proper REST client for PHP.",
            "homepage": "https://github.com/educoder/pest",
            "time": "2013-11-17T12:58:01+00:00"
        },
        {
            "name": "symfony/polyfill-mbstring",
            "version": "v1.4.0",
            "source": {
                "type": "git",
                "url": "https://github.com/symfony/polyfill-mbstring.git",
                "reference": "f29dca382a6485c3cbe6379f0c61230167681937"
            },
            "dist": {
                "type": "zip",
                "url": "https://api.github.com/repos/symfony/polyfill-mbstring/zipball/f29dca382a6485c3cbe6379f0c61230167681937",
                "reference": "f29dca382a6485c3cbe6379f0c61230167681937",
                "shasum": ""
            },
            "require": {
                "php": ">=5.3.3"
            },
            "suggest": {
                "ext-mbstring": "For best performance"
            },
            "type": "library",
            "extra": {
                "branch-alias": {
                    "dev-master": "1.4-dev"
                }
            },
            "autoload": {
                "psr-4": {
                    "Symfony\\Polyfill\\Mbstring\\": ""
                },
                "files": [
                    "bootstrap.php"
                ]
            },
            "notification-url": "https://packagist.org/downloads/",
            "license": [
                "MIT"
            ],
            "authors": [
                {
                    "name": "Nicolas Grekas",
                    "email": "p@tchwork.com"
                },
                {
                    "name": "Symfony Community",
                    "homepage": "https://symfony.com/contributors"
                }
            ],
            "description": "Symfony polyfill for the Mbstring extension",
            "homepage": "https://symfony.com",
            "keywords": [
                "compatibility",
                "mbstring",
                "polyfill",
                "portable",
                "shim"
            ],
            "time": "2017-06-09T14:24:12+00:00"
        },
        {
            "name": "twbs/bootstrap",
            "version": "v3.3.7",
            "source": {
                "type": "git",
                "url": "https://github.com/twbs/bootstrap.git",
                "reference": "0b9c4a4007c44201dce9a6cc1a38407005c26c86"
            },
            "dist": {
                "type": "zip",
                "url": "https://api.github.com/repos/twbs/bootstrap/zipball/0b9c4a4007c44201dce9a6cc1a38407005c26c86",
                "reference": "0b9c4a4007c44201dce9a6cc1a38407005c26c86",
                "shasum": ""
            },
            "replace": {
                "twitter/bootstrap": "self.version"
            },
            "type": "library",
            "extra": {
                "branch-alias": {
                    "dev-master": "3.3.x-dev"
                }
            },
            "notification-url": "https://packagist.org/downloads/",
            "license": [
                "MIT"
            ],
            "authors": [
                {
                    "name": "Jacob Thornton",
                    "email": "jacobthornton@gmail.com"
                },
                {
                    "name": "Mark Otto",
                    "email": "markdotto@gmail.com"
                }
            ],
            "description": "The most popular front-end framework for developing responsive, mobile first projects on the web.",
            "homepage": "http://getbootstrap.com",
            "keywords": [
                "JS",
                "css",
                "framework",
                "front-end",
                "less",
                "mobile-first",
                "responsive",
                "web"
            ],
            "time": "2016-07-25T15:51:55+00:00"
        },
        {
            "name": "twig/twig",
            "version": "v2.4.3",
            "source": {
                "type": "git",
                "url": "https://github.com/twigphp/Twig.git",
                "reference": "eab7c3288ae6603d7d6f92b531626af2b162d1f2"
            },
            "dist": {
                "type": "zip",
                "url": "https://api.github.com/repos/twigphp/Twig/zipball/eab7c3288ae6603d7d6f92b531626af2b162d1f2",
                "reference": "eab7c3288ae6603d7d6f92b531626af2b162d1f2",
                "shasum": ""
            },
            "require": {
                "php": "^7.0",
                "symfony/polyfill-mbstring": "~1.0"
            },
            "require-dev": {
                "psr/container": "^1.0",
                "symfony/debug": "~2.7",
                "symfony/phpunit-bridge": "~3.3@dev"
            },
            "type": "library",
            "extra": {
                "branch-alias": {
                    "dev-master": "2.4-dev"
                }
            },
            "autoload": {
                "psr-0": {
                    "Twig_": "lib/"
                },
                "psr-4": {
                    "Twig\\": "src/"
                }
            },
            "notification-url": "https://packagist.org/downloads/",
            "license": [
                "BSD-3-Clause"
            ],
            "authors": [
                {
                    "name": "Fabien Potencier",
                    "email": "fabien@symfony.com",
                    "homepage": "http://fabien.potencier.org",
                    "role": "Lead Developer"
                },
                {
                    "name": "Armin Ronacher",
                    "email": "armin.ronacher@active-4.com",
                    "role": "Project Founder"
                },
                {
                    "name": "Twig Team",
                    "homepage": "http://twig.sensiolabs.org/contributors",
                    "role": "Contributors"
                }
            ],
            "description": "Twig, the flexible, fast, and secure template language for PHP",
            "homepage": "http://twig.sensiolabs.org",
            "keywords": [
                "templating"
            ],
            "time": "2017-06-07T18:47:58+00:00"
        }
    ],
    "packages-dev": [],
    "aliases": [],
    "minimum-stability": "stable",
    "stability-flags": [],
    "prefer-stable": false,
    "prefer-lowest": false,
    "platform": [],
    "platform-dev": []
}
